
Microsoft Visual Studio Solution File, Format Version 12.00
# Visual Studio 2012
Project("{FAE04EC0-301F-11D3-BF4B-00C04F79EFBC}") = "LastDropDBOperations", "LastDropDBOperations.csproj", "{2CAA6AB2-9BF8-40A4-85E3-15E87126C96E}"
EndProject
Global
	GlobalSection(SolutionConfigurationPlatforms) = preSolution
		Debug|Any CPU = Debug|Any CPU
		Release|Any CPU = Release|Any CPU
	EndGlobalSection
	GlobalSection(ProjectConfigurationPlatforms) = postSolution
		{2CAA6AB2-9BF8-40A4-85E3-15E87126C96E}.Debug|Any CPU.ActiveCfg = Debug|Any CPU
		{2CAA6AB2-9BF8-40A4-85E3-15E87126C96E}.Debug|Any CPU.Build.0 = Debug|Any CPU
		{2CAA6AB2-9BF8-40A4-85E3-15E87126C96E}.Release|Any CPU.ActiveCfg = Release|Any CPU
		{2CAA6AB2-9BF8-40A4-85E3-15E87126C96E}.Release|Any CPU.Build.0 = Release|Any CPU
	EndGlobalSection
	GlobalSection(SolutionProperties) = preSolution
		HideSolutionNode = FALSE
	EndGlobalSection
EndGlobal
