
Microsoft Visual Studio Solution File, Format Version 12.00
# Visual Studio 2012
Project("{FAE04EC0-301F-11D3-BF4B-00C04F79EFBC}") = "ServerSocketMultiThread", "ServerSocketMultiThread\ServerSocketMultiThread.csproj", "{905C6336-64E5-47A9-AFAD-40D359506F63}"
EndProject
Project("{FAE04EC0-301F-11D3-BF4B-00C04F79EFBC}") = "ClientSocketMultiThread", "ClientSocketMultiThread\ClientSocketMultiThread.csproj", "{3BF040DF-CB14-460F-AF04-AD44B5091EA1}"
EndProject
Global
	GlobalSection(SolutionConfigurationPlatforms) = preSolution
		Debug|Any CPU = Debug|Any CPU
		Release|Any CPU = Release|Any CPU
	EndGlobalSection
	GlobalSection(ProjectConfigurationPlatforms) = postSolution
		{905C6336-64E5-47A9-AFAD-40D359506F63}.Debug|Any CPU.ActiveCfg = Debug|Any CPU
		{905C6336-64E5-47A9-AFAD-40D359506F63}.Debug|Any CPU.Build.0 = Debug|Any CPU
		{905C6336-64E5-47A9-AFAD-40D359506F63}.Release|Any CPU.ActiveCfg = Release|Any CPU
		{905C6336-64E5-47A9-AFAD-40D359506F63}.Release|Any CPU.Build.0 = Release|Any CPU
		{3BF040DF-CB14-460F-AF04-AD44B5091EA1}.Debug|Any CPU.ActiveCfg = Debug|Any CPU
		{3BF040DF-CB14-460F-AF04-AD44B5091EA1}.Debug|Any CPU.Build.0 = Debug|Any CPU
		{3BF040DF-CB14-460F-AF04-AD44B5091EA1}.Release|Any CPU.ActiveCfg = Release|Any CPU
		{3BF040DF-CB14-460F-AF04-AD44B5091EA1}.Release|Any CPU.Build.0 = Release|Any CPU
	EndGlobalSection
	GlobalSection(SolutionProperties) = preSolution
		HideSolutionNode = FALSE
	EndGlobalSection
EndGlobal
